Microsoft Visual Studio Solution File, Format Version 12.00
# Visual Studio Version 17
VisualStudioVersion = 17.13.35931.197
MinimumVisualStudioVersion = 10.0.40219.1
Project("{FAE04EC0-301F-11D3-BF4B-00C04F79EFBC}") = "Cantinaa", "Cantinaa.csproj", "{C440D86F-2314-4034-BE87-799A32810DD0}"
EndProject
Global
	GlobalSection(SolutionConfigurationPlatforms) = preSolution
		Debug|Any CPU = Debug|Any CPU
		Release|Any CPU = Release|Any CPU
	EndGlobalSection
	GlobalSection(ProjectConfigurationPlatforms) = postSolution
		{C440D86F-2314-4034-BE87-799A32810DD0}.Debug|Any CPU.ActiveCfg = Debug|Any CPU
		{C440D86F-2314-4034-BE87-799A32810DD0}.Debug|Any CPU.Build.0 = Debug|Any CPU
		{C440D86F-2314-4034-BE87-799A32810DD0}.Release|Any CPU.ActiveCfg = Release|Any CPU
		{C440D86F-2314-4034-BE87-799A32810DD0}.Release|Any CPU.Build.0 = Release|Any CPU
	EndGlobalSection
	GlobalSection(SolutionProperties) = preSolution
		HideSolutionNode = FALSE
	EndGlobalSection
	GlobalSection(ExtensibilityGlobals) = postSolution
		SolutionGuid = {96EA853E-D201-4AC2-A101-78D95783C885}
	EndGlobalSection
EndGlobal
